
Microsoft Visual Studio Solution File, Format Version 12.00
# Visual Studio Version 17
VisualStudioVersion = 17.7.34024.191
MinimumVisualStudioVersion = 10.0.40219.1
Project("{FAE04EC0-301F-11D3-BF4B-00C04F79EFBC}") = "Bookstore1", "Bookstore1\Bookstore1.csproj", "{8315337D-E1CB-44F9-880E-728224DD0FB7}"
EndProject
Global
	GlobalSection(SolutionConfigurationPlatforms) = preSolution
		Debug|Any CPU = Debug|Any CPU
		Release|Any CPU = Release|Any CPU
	EndGlobalSection
	GlobalSection(ProjectConfigurationPlatforms) = postSolution
		{8315337D-E1CB-44F9-880E-728224DD0FB7}.Debug|Any CPU.ActiveCfg = Debug|Any CPU
		{8315337D-E1CB-44F9-880E-728224DD0FB7}.Debug|Any CPU.Build.0 = Debug|Any CPU
		{8315337D-E1CB-44F9-880E-728224DD0FB7}.Release|Any CPU.ActiveCfg = Release|Any CPU
		{8315337D-E1CB-44F9-880E-728224DD0FB7}.Release|Any CPU.Build.0 = Release|Any CPU
	EndGlobalSection
	GlobalSection(SolutionProperties) = preSolution
		HideSolutionNode = FALSE
	EndGlobalSection
	GlobalSection(ExtensibilityGlobals) = postSolution
		SolutionGuid = {AFCB7D24-A3D2-4185-A291-E1EFE1DB1035}
	EndGlobalSection
EndGlobal
